
Microsoft Visual Studio Solution File, Format Version 12.00
# Visual Studio Version 17
VisualStudioVersion = 17.7.34024.191
MinimumVisualStudioVersion = 10.0.40219.1
Project("{9A19103F-16F7-4668-BE54-9A1E7A4F7556}") = "MagicVilla_VillaAPI", "MagicVilla_VillaAPI\MagicVilla_VillaAPI.csproj", "{DE301172-CEBE-4319-8EBE-C589F887907E}"
EndProject
Project("{FAE04EC0-301F-11D3-BF4B-00C04F79EFBC}") = "MagicVilla_Web", "MagicVilla_Web\MagicVilla_Web.csproj", "{B337122A-E81A-4AE0-998E-D983037A09E4}"
EndProject
Project("{FAE04EC0-301F-11D3-BF4B-00C04F79EFBC}") = "MagicVilla_Ultility", "MagicVilla_Ultility\MagicVilla_Ultility.csproj", "{3130C29B-1054-44F7-BA1B-A7364F7A6EE8}"
EndProject
Global
	GlobalSection(SolutionConfigurationPlatforms) = preSolution
		Debug|Any CPU = Debug|Any CPU
		Release|Any CPU = Release|Any CPU
	EndGlobalSection
	GlobalSection(ProjectConfigurationPlatforms) = postSolution
		{DE301172-CEBE-4319-8EBE-C589F887907E}.Debug|Any CPU.ActiveCfg = Debug|Any CPU
		{DE301172-CEBE-4319-8EBE-C589F887907E}.Debug|Any CPU.Build.0 = Debug|Any CPU
		{DE301172-CEBE-4319-8EBE-C589F887907E}.Release|Any CPU.ActiveCfg = Release|Any CPU
		{DE301172-CEBE-4319-8EBE-C589F887907E}.Release|Any CPU.Build.0 = Release|Any CPU
		{B337122A-E81A-4AE0-998E-D983037A09E4}.Debug|Any CPU.ActiveCfg = Debug|Any CPU
		{B337122A-E81A-4AE0-998E-D983037A09E4}.Debug|Any CPU.Build.0 = Debug|Any CPU
		{B337122A-E81A-4AE0-998E-D983037A09E4}.Release|Any CPU.ActiveCfg = Release|Any CPU
		{B337122A-E81A-4AE0-998E-D983037A09E4}.Release|Any CPU.Build.0 = Release|Any CPU
		{3130C29B-1054-44F7-BA1B-A7364F7A6EE8}.Debug|Any CPU.ActiveCfg = Debug|Any CPU
		{3130C29B-1054-44F7-BA1B-A7364F7A6EE8}.Debug|Any CPU.Build.0 = Debug|Any CPU
		{3130C29B-1054-44F7-BA1B-A7364F7A6EE8}.Release|Any CPU.ActiveCfg = Release|Any CPU
		{3130C29B-1054-44F7-BA1B-A7364F7A6EE8}.Release|Any CPU.Build.0 = Release|Any CPU
	EndGlobalSection
	GlobalSection(SolutionProperties) = preSolution
		HideSolutionNode = FALSE
	EndGlobalSection
	GlobalSection(ExtensibilityGlobals) = postSolution
		SolutionGuid = {E24796B6-3E5E-474D-94E9-B04362201B7B}
	EndGlobalSection
EndGlobal
